# THIS IS AN AUTOGENERATED FILE. DO NOT EDIT THIS FILE DIRECTLY.
# yarn lockfile v1


almond@~0.3.1:
  version "0.3.3"
  resolved "https://registry.yarnpkg.com/almond/-/almond-0.3.3.tgz#a0e7c95ac7624d6417b4494b1e68bff693168a20"
  integrity sha1-oOfJWsdiTWQXtElLHmi/9pMWiiA=

jquery-mousewheel@~3.1.13:
  version "3.1.13"
  resolved "https://registry.yarnpkg.com/jquery-mousewheel/-/jquery-mousewheel-3.1.13.tgz#06f0335f16e353a695e7206bf50503cb523a6ee5"
  integrity sha1-BvAzXxbjU6aV5yBr9QUDy1I6buU=

select2@^4.0.6-rc.1:
  version "4.0.6-rc.1"
  resolved "https://registry.yarnpkg.com/select2/-/select2-4.0.6-rc.1.tgz#aa6c3038a7f0f2e91ffade38f0a21c15e1813276"
  integrity sha1-qmwwOKfw8ukf+t448KIcFeGBMnY=
  dependencies:
    almond "~0.3.1"
    jquery-mousewheel "~3.1.13"
